github.com/Juniper/apstra-go-sdk v0.0.0-20230718204838-42f927d7a1a2 h1:Hl4Uh7gsbxyEeYj7QUhD+I8NQqwTJrkFr7ngshrwufM=
github.com/Juniper/apstra-go-sdk v0.0.0-20230718204838-42f927d7a1a2/go.mod h1:/bOt1ftHy9phf3PPgxMH5d/41S3N9xpxzeOj8JMLh2E=
github.com/aws/aws-sdk-go-v2 v1.17.8 h1:GMupCNNI7FARX27L7GjCJM8NgivWbRgpjNI/hOQjFS8=
github.com/aws/aws-sdk-go-v2/config v1.18.21 h1:ENTXWKwE8b9YXgQCsruGLhvA9bhg+RqAsL9XEMEsa2c=
github.com/aws/aws-sdk-go-v2/credentials v1.13.20 h1:oZCEFcrMppP/CNiS8myzv9JgOzq2s0d3v3MXYil/mxQ=
github.com/aws/aws-sdk-go-v2/feature/ec2/imds v1.13.2 h1:jOzQAesnBFDmz93feqKnsTHsXrlwWORNZMFHMV+WLFU=
github.com/aws/aws-sdk-go-v2/internal/configsources v1.1.32 h1:dpbVNUjczQ8Ae3QKHbpHBpfvaVkRdesxpTOe9pTouhU=
github.com/aws/aws-sdk-go-v2/internal/endpoints/v2 v2.4.26 h1:QH2kOS3Ht7x+u0gHCh06CXL/h6G8LQJFpZfFBYBNboo=
github.com/aws/aws-sdk-go-v2/internal/ini v1.3.33 h1:HbH1VjUgrCdLJ+4lnnuLI4iVNRvBbBELGaJ5f69ClA8=
github.com/aws/aws-sdk-go-v2/service/internal/presigned-url v1.9.26 h1:uUt4XctZLhl9wBE1L8lobU3bVN8SNUP7T+olb0bWBO4=
github.com/aws/aws-sdk-go-v2/service/secretsmanager v1.19.3 h1:bqvkwBuoYZ28Aybq10A9uXh7LkPCh7W4nd3l5bf3v5A=
github.com/aws/aws-sdk-go-v2/service/sso v1.12.8 h1:5cb3D6xb006bPTqEfCNaEA6PPEfBXxxy4NNeX/44kGk=
github.com/aws/aws-sdk-go-v2/service/ssooidc v1.14.8 h1:NZaj0ngZMzsubWZbrEFSB4rgSQRbFq38Sd6KBxHuOIU=
github.com/aws/aws-sdk-go-v2/service/sts v1.18.9 h1:Qf1aWwnsNkyAoqDqmdM3nHwN78XQjec27LjM6b9vyfI=
github.com/aws/smithy-go v1.13.5 h1:hgz0X/DX0dGqTYpGALqXJoRKRj5oQ7150i5FdTePzO8=
github.com/golang/protobuf v1.5.0/go.mod h1:FsONVRAS9T7sI+LIUmWTfcYkHO4aIWwzhcaSAoJOfIk=
github.com/google/go-cmp v0.5.5 h1:Khx7svrCpmxxtHBq5j2mp/xVjsi8hQMfNLvJFAlrGgU=
github.com/google/go-cmp v0.5.5/go.mod h1:v8dTdLbMG2kIc/vJvl+f65V22dbkXbowE6jgT/gNBxE=
github.com/google/uuid v1.3.0 h1:t6JiXgmwXMjEs8VusXIJk2BXHsn+wx8BZdTaoZ5fu7I=
github.com/google/uuid v1.3.0/go.mod h1:TIyPZe4MgqvfeYDBFedMoGGpEw/LqOeaOT+nhxU+yHo=
github.com/mitchellh/go-homedir v1.1.0 h1:lukF9ziXFxDFPkA1vsr5zpc1XuPDn/wFntq5mG+4E0Y=
github.com/mitchellh/go-homedir v1.1.0/go.mod h1:SfyaCUpYCn1Vlf4IUYiD9fPX4A5wJrkLzIz1N1q0pr0=
golang.org/x/xerrors v0.0.0-20191204190536-9bdfabe68543 h1:E7g+9GITq07hpfrRu66IVDexMakfv52eLZ2CXBWiKr4=
golang.org/x/xerrors v0.0.0-20191204190536-9bdfabe68543/go.mod h1:I/5z698sn9Ka8TeJc9MKroUUfqBBauWjQqLJ2OPfmY0=
google.golang.org/protobuf v1.26.0-rc.1/go.mod h1:jlhhOSvTdKEhbULTjvd4ARK9grFBp09yW+WbY/TyQbw=
google.golang.org/protobuf v1.30.0 h1:kPPoIgf3TsEvrm0PFe15JQ+570QVxYzEvvHqChK+cng=
google.golang.org/protobuf v1.30.0/go.mod h1:HV8QOd/L58Z+nl8r43ehVNZIU/HEI6OcFqwMG9pJV4I=
